github.com/dgraph-io/ristretto v0.0.0-20191010170704-2ba187ef9534 h1:9G6fVccQriMJu4nXwpwLDoy9y31t/KUSLAbPcoBgv+4=
github.com/dgraph-io/ristretto v0.0.0-20191010170704-2ba187ef9534/go.mod h1:edzKIzGvqUCMzhTVWbiTSe75zD9Xxq0GtSBtFmaUTZs=
github.com/dgryski/go-farm v0.0.0-20190423205320-6a90982ecee2/go.mod h1:SqUrOPUnsFjfmXRMNPybcSiG0BgUW2AuFH8PAnS2iTw=
